
Microsoft Visual Studio Solution File, Format Version 12.00
# Visual Studio Version 16
VisualStudioVersion = 16.0.33423.256
MinimumVisualStudioVersion = 10.0.40219.1
Project("{FAE04EC0-301F-11D3-BF4B-00C04F79EFBC}") = "Pindus_IKM-721a", "Pindus_IKM-721a\Pindus_IKM-721a.csproj", "{5A066553-F9EA-4BC7-BABC-BC429605E271}"
EndProject
Global
	GlobalSection(SolutionConfigurationPlatforms) = preSolution
		Debug|Any CPU = Debug|Any CPU
		Release|Any CPU = Release|Any CPU
	EndGlobalSection
	GlobalSection(ProjectConfigurationPlatforms) = postSolution
		{5A066553-F9EA-4BC7-BABC-BC429605E271}.Debug|Any CPU.ActiveCfg = Debug|Any CPU
		{5A066553-F9EA-4BC7-BABC-BC429605E271}.Debug|Any CPU.Build.0 = Debug|Any CPU
		{5A066553-F9EA-4BC7-BABC-BC429605E271}.Release|Any CPU.ActiveCfg = Release|Any CPU
		{5A066553-F9EA-4BC7-BABC-BC429605E271}.Release|Any CPU.Build.0 = Release|Any CPU
	EndGlobalSection
	GlobalSection(SolutionProperties) = preSolution
		HideSolutionNode = FALSE
	EndGlobalSection
	GlobalSection(ExtensibilityGlobals) = postSolution
		SolutionGuid = {FEEAD656-435B-44E7-BCFA-BA77B0B021D9}
	EndGlobalSection
EndGlobal
